
Microsoft Visual Studio Solution File, Format Version 12.00
# Visual Studio Version 17
VisualStudioVersion = 17.10.34928.147
MinimumVisualStudioVersion = 10.0.40219.1
Project("{8BC9CEB8-8B4A-11D0-8D11-00A0C91BC942}") = "Maze", "Maze\Maze.vcxproj", "{8AC7CC9E-3CEA-4FC6-8631-53DA6CF0FBAA}"
EndProject
Project("{8BC9CEB8-8B4A-11D0-8D11-00A0C91BC942}") = "GameCoding", "GameCoding\GameCoding.vcxproj", "{CCC7319F-9B8C-4040-8C7E-25D7CBCD6BB6}"
EndProject
Global
	GlobalSection(SolutionConfigurationPlatforms) = preSolution
		Debug|x64 = Debug|x64
		Debug|x86 = Debug|x86
		Release|x64 = Release|x64
		Release|x86 = Release|x86
	EndGlobalSection
	GlobalSection(ProjectConfigurationPlatforms) = postSolution
		{8AC7CC9E-3CEA-4FC6-8631-53DA6CF0FBAA}.Debug|x64.ActiveCfg = Debug|x64
		{8AC7CC9E-3CEA-4FC6-8631-53DA6CF0FBAA}.Debug|x64.Build.0 = Debug|x64
		{8AC7CC9E-3CEA-4FC6-8631-53DA6CF0FBAA}.Debug|x86.ActiveCfg = Debug|Win32
		{8AC7CC9E-3CEA-4FC6-8631-53DA6CF0FBAA}.Debug|x86.Build.0 = Debug|Win32
		{8AC7CC9E-3CEA-4FC6-8631-53DA6CF0FBAA}.Release|x64.ActiveCfg = Release|x64
		{8AC7CC9E-3CEA-4FC6-8631-53DA6CF0FBAA}.Release|x64.Build.0 = Release|x64
		{8AC7CC9E-3CEA-4FC6-8631-53DA6CF0FBAA}.Release|x86.ActiveCfg = Release|Win32
		{8AC7CC9E-3CEA-4FC6-8631-53DA6CF0FBAA}.Release|x86.Build.0 = Release|Win32
		{CCC7319F-9B8C-4040-8C7E-25D7CBCD6BB6}.Debug|x64.ActiveCfg = Debug|x64
		{CCC7319F-9B8C-4040-8C7E-25D7CBCD6BB6}.Debug|x64.Build.0 = Debug|x64
		{CCC7319F-9B8C-4040-8C7E-25D7CBCD6BB6}.Debug|x86.ActiveCfg = Debug|Win32
		{CCC7319F-9B8C-4040-8C7E-25D7CBCD6BB6}.Debug|x86.Build.0 = Debug|Win32
		{CCC7319F-9B8C-4040-8C7E-25D7CBCD6BB6}.Release|x64.ActiveCfg = Release|x64
		{CCC7319F-9B8C-4040-8C7E-25D7CBCD6BB6}.Release|x64.Build.0 = Release|x64
		{CCC7319F-9B8C-4040-8C7E-25D7CBCD6BB6}.Release|x86.ActiveCfg = Release|Win32
		{CCC7319F-9B8C-4040-8C7E-25D7CBCD6BB6}.Release|x86.Build.0 = Release|Win32
	EndGlobalSection
	GlobalSection(SolutionProperties) = preSolution
		HideSolutionNode = FALSE
	EndGlobalSection
	GlobalSection(ExtensibilityGlobals) = postSolution
		SolutionGuid = {742AB3EC-EB74-4508-832B-DF6374CACBA9}
	EndGlobalSection
EndGlobal
